
Microsoft Visual Studio Solution File, Format Version 12.00
# Visual Studio Version 16
VisualStudioVersion = 16.0.30503.244
MinimumVisualStudioVersion = 10.0.40219.1
Project("{9A19103F-16F7-4668-BE54-9A1E7A4F7556}") = "ProjectsOnlyCRUDWithoutEntityTemplate", "ProjectsOnlyCRUDWithoutEntityTemplate.csproj", "{7531D73F-A603-4AED-848F-C6FEA7E4E976}"
EndProject
Project("{FAE04EC0-301F-11D3-BF4B-00C04F79EFBC}") = "DataAccesLayer.Data", "..\DataAccesLayer.Data\DataAccesLayer.Data.csproj", "{883842D7-0E8A-4266-AECB-1A9EEF9EA8C0}"
EndProject
Project("{FAE04EC0-301F-11D3-BF4B-00C04F79EFBC}") = "LogicLayer", "..\LogicLayer\LogicLayer.csproj", "{2BB30FFA-8768-4D59-800D-326C710B2F37}"
EndProject
Global
	GlobalSection(SolutionConfigurationPlatforms) = preSolution
		Debug|Any CPU = Debug|Any CPU
		Release|Any CPU = Release|Any CPU
	EndGlobalSection
	GlobalSection(ProjectConfigurationPlatforms) = postSolution
		{7531D73F-A603-4AED-848F-C6FEA7E4E976}.Debug|Any CPU.ActiveCfg = Debug|Any CPU
		{7531D73F-A603-4AED-848F-C6FEA7E4E976}.Debug|Any CPU.Build.0 = Debug|Any CPU
		{7531D73F-A603-4AED-848F-C6FEA7E4E976}.Release|Any CPU.ActiveCfg = Release|Any CPU
		{7531D73F-A603-4AED-848F-C6FEA7E4E976}.Release|Any CPU.Build.0 = Release|Any CPU
		{883842D7-0E8A-4266-AECB-1A9EEF9EA8C0}.Debug|Any CPU.ActiveCfg = Debug|Any CPU
		{883842D7-0E8A-4266-AECB-1A9EEF9EA8C0}.Debug|Any CPU.Build.0 = Debug|Any CPU
		{883842D7-0E8A-4266-AECB-1A9EEF9EA8C0}.Release|Any CPU.ActiveCfg = Release|Any CPU
		{883842D7-0E8A-4266-AECB-1A9EEF9EA8C0}.Release|Any CPU.Build.0 = Release|Any CPU
		{2BB30FFA-8768-4D59-800D-326C710B2F37}.Debug|Any CPU.ActiveCfg = Debug|Any CPU
		{2BB30FFA-8768-4D59-800D-326C710B2F37}.Debug|Any CPU.Build.0 = Debug|Any CPU
		{2BB30FFA-8768-4D59-800D-326C710B2F37}.Release|Any CPU.ActiveCfg = Release|Any CPU
		{2BB30FFA-8768-4D59-800D-326C710B2F37}.Release|Any CPU.Build.0 = Release|Any CPU
	EndGlobalSection
	GlobalSection(SolutionProperties) = preSolution
		HideSolutionNode = FALSE
	EndGlobalSection
	GlobalSection(ExtensibilityGlobals) = postSolution
		SolutionGuid = {A0391C93-DD37-45BA-83F2-211D0316E025}
	EndGlobalSection
EndGlobal
